
Microsoft Visual Studio Solution File, Format Version 12.00
# Visual Studio Version 17
VisualStudioVersion = 17.5.002.0
MinimumVisualStudioVersion = 10.0.40219.1
Project("{9A19103F-16F7-4668-BE54-9A1E7A4F7556}") = "quantum.code", "quantum.code.csproj", "{33119907-FE44-409B-B963-5BE5D2477DE7}"
EndProject
Global
	GlobalSection(SolutionConfigurationPlatforms) = preSolution
		Debug|Any CPU = Debug|Any CPU
		Release|Any CPU = Release|Any CPU
	EndGlobalSection
	GlobalSection(ProjectConfigurationPlatforms) = postSolution
		{33119907-FE44-409B-B963-5BE5D2477DE7}.Debug|Any CPU.ActiveCfg = Debug|Any CPU
		{33119907-FE44-409B-B963-5BE5D2477DE7}.Debug|Any CPU.Build.0 = Debug|Any CPU
		{33119907-FE44-409B-B963-5BE5D2477DE7}.Release|Any CPU.ActiveCfg = Release|Any CPU
		{33119907-FE44-409B-B963-5BE5D2477DE7}.Release|Any CPU.Build.0 = Release|Any CPU
	EndGlobalSection
	GlobalSection(SolutionProperties) = preSolution
		HideSolutionNode = FALSE
	EndGlobalSection
	GlobalSection(ExtensibilityGlobals) = postSolution
		SolutionGuid = {29546669-7ED1-480E-B337-4983A99CA848}
	EndGlobalSection
EndGlobal
